// !$*UTF8*$!
{
	archiveVersion = 1;
	classes = {
	};
	objectVersion = 46;
	objects = {

/* Begin PBXBuildFile section */
		02141D311F611DA80014DAB1 /* AppDelegate.swift in Sources */ = {isa = PBXBuildFile; fileRef = 02141D301F611DA80014DAB1 /* AppDelegate.swift */; };
		02141D331F611DA80014DAB1 /* FirstViewController.swift in Sources */ = {isa = PBXBuildFile; fileRef = 02141D321F611DA80014DAB1 /* FirstViewController.swift */; };
		02141D351F611DA80014DAB1 /* SecondViewController.swift in Sources */ = {isa = PBXBuildFile; fileRef = 02141D341F611DA80014DAB1 /* SecondViewController.swift */; };
		02141D381F611DA80014DAB1 /* Main.storyboard in Resources */ = {isa = PBXBuildFile; fileRef = 02141D361F611DA80014DAB1 /* Main.storyboard */; };
		02141D3A1F611DA80014DAB1 /* Assets.xcassets in Resources */ = {isa = PBXBuildFile; fileRef = 02141D391F611DA80014DAB1 /* Assets.xcassets */; };
		02141D3D1F611DA80014DAB1 /* LaunchScreen.storyboard in Resources */ = {isa = PBXBuildFile; fileRef = 02141D3B1F611DA80014DAB1 /* LaunchScreen.storyboard */; };
		02141D481F611DA80014DAB1 /* RealmSimpleDemoTests.swift in Sources */ = {isa = PBXBuildFile; fileRef = 02141D471F611DA80014DAB1 /* RealmSimpleDemoTests.swift */; };
		02141D531F611DA80014DAB1 /* RealmSimpleDemoUITests.swift in Sources */ = {isa = PBXBuildFile; fileRef = 02141D521F611DA80014DAB1 /* RealmSimpleDemoUITests.swift */; };
		02141D611F6122400014DAB1 /* LocalDatabase.swift in Sources */ = {isa = PBXBuildFile; fileRef = 02141D601F6122400014DAB1 /* LocalDatabase.swift */; };
		02141D661F6122870014DAB1 /* DBColor.swift in Sources */ = {isa = PBXBuildFile; fileRef = 02141D651F6122870014DAB1 /* DBColor.swift */; };
		02141D681F6127A30014DAB1 /* DBUser.swift in Sources */ = {isa = PBXBuildFile; fileRef = 02141D671F6127A30014DAB1 /* DBUser.swift */; };
		02141D6D1F6131CE0014DAB1 /* FirstViewModel.swift in Sources */ = {isa = PBXBuildFile; fileRef = 02141D6C1F6131CE0014DAB1 /* FirstViewModel.swift */; };
		02141D6F1F613C160014DAB1 /* UIColorExtension.swift in Sources */ = {isa = PBXBuildFile; fileRef = 02141D6E1F613C160014DAB1 /* UIColorExtension.swift */; };
		29B578C0043267385D81B233 /* Pods_RealmSimpleDemoUITests.framework in Frameworks */ = {isa = PBXBuildFile; fileRef = 9C7AFED69A185A9BD7046BBD /* Pods_RealmSimpleDemoUITests.framework */; };
		55E8707C99349E44B9215926 /* Pods_RealmSimpleDemoTests.framework in Frameworks */ = {isa = PBXBuildFile; fileRef = D251BE60E95AF3A411DE57B2 /* Pods_RealmSimpleDemoTests.framework */; };
		6CDBA47D8855CFD806009580 /* Pods_RealmSimpleDemo.framework in Frameworks */ = {isa = PBXBuildFile; fileRef = 7A42295200AB8CB720E3BD39 /* Pods_RealmSimpleDemo.framework */; };
/* End PBXBuildFile section */

/* Begin PBXContainerItemProxy section */
		02141D441F611DA80014DAB1 /* PBXContainerItemProxy */ = {
			isa = PBXContainerItemProxy;
			containerPortal = 02141D251F611DA70014DAB1 /* Project object */;
			proxyType = 1;
			remoteGlobalIDString = 02141D2C1F611DA70014DAB1;
			remoteInfo = RealmSimpleDemo;
		};
		02141D4F1F611DA80014DAB1 /* PBXContainerItemProxy */ = {
			isa = PBXContainerItemProxy;
			containerPortal = 02141D251F611DA70014DAB1 /* Project object */;
			proxyType = 1;
			remoteGlobalIDString = 02141D2C1F611DA70014DAB1;
			remoteInfo = RealmSimpleDemo;
		};
/* End PBXContainerItemProxy section */

/* Begin PBXFileReference section */
		02141D2D1F611DA70014DAB1 /* RealmSimpleDemo.app */ = {isa = PBXFileReference; explicitFileType = wrapper.application; includeInIndex = 0; path = RealmSimpleDemo.app; sourceTree = BUILT_PRODUCTS_DIR; };
		02141D301F611DA80014DAB1 /* AppDelegate.swift */ = {isa = PBXFileReference; lastKnownFileType = sourcecode.swift; path = AppDelegate.swift; sourceTree = "<group>"; };
		02141D321F611DA80014DAB1 /* FirstViewController.swift */ = {isa = PBXFileReference; lastKnownFileType = sourcecode.swift; path = FirstViewController.swift; sourceTree = "<group>"; };
		02141D341F611DA80014DAB1 /* SecondViewController.swift */ = {isa = PBXFileReference; lastKnownFileType = sourcecode.swift; path = SecondViewController.swift; sourceTree = "<group>"; };
		02141D371F611DA80014DAB1 /* Base */ = {isa = PBXFileReference; lastKnownFileType = file.storyboard; name = Base; path = Base.lproj/Main.storyboard; sourceTree = "<group>"; };
		02141D391F611DA80014DAB1 /* Assets.xcassets */ = {isa = PBXFileReference; lastKnownFileType = folder.assetcatalog; path = Assets.xcassets; sourceTree = "<group>"; };
		02141D3C1F611DA80014DAB1 /* Base */ = {isa = PBXFileReference; lastKnownFileType = file.storyboard; name = Base; path = Base.lproj/LaunchScreen.storyboard; sourceTree = "<group>"; };
		02141D3E1F611DA80014DAB1 /* Info.plist */ = {isa = PBXFileReference; lastKnownFileType = text.plist.xml; path = Info.plist; sourceTree = "<group>"; };
		02141D431F611DA80014DAB1 /* RealmSimpleDemoTests.xctest */ = {isa = PBXFileReference; explicitFileType = wrapper.cfbundle; includeInIndex = 0; path = RealmSimpleDemoTests.xctest; sourceTree = BUILT_PRODUCTS_DIR; };
		02141D471F611DA80014DAB1 /* RealmSimpleDemoTests.swift */ = {isa = PBXFileReference; lastKnownFileType = sourcecode.swift; path = RealmSimpleDemoTests.swift; sourceTree = "<group>"; };
		02141D491F611DA80014DAB1 /* Info.plist */ = {isa = PBXFileReference; lastKnownFileType = text.plist.xml; path = Info.plist; sourceTree = "<group>"; };
		02141D4E1F611DA80014DAB1 /* RealmSimpleDemoUITests.xctest */ = {isa = PBXFileReference; explicitFileType = wrapper.cfbundle; includeInIndex = 0; path = RealmSimpleDemoUITests.xctest; sourceTree = BUILT_PRODUCTS_DIR; };
		02141D521F611DA80014DAB1 /* RealmSimpleDemoUITests.swift */ = {isa = PBXFileReference; lastKnownFileType = sourcecode.swift; path = RealmSimpleDemoUITests.swift; sourceTree = "<group>"; };
		02141D541F611DA80014DAB1 /* Info.plist */ = {isa = PBXFileReference; lastKnownFileType = text.plist.xml; path = Info.plist; sourceTree = "<group>"; };
		02141D601F6122400014DAB1 /* LocalDatabase.swift */ = {isa = PBXFileReference; fileEncoding = 4; lastKnownFileType = sourcecode.swift; path = LocalDatabase.swift; sourceTree = "<group>"; };
		02141D651F6122870014DAB1 /* DBColor.swift */ = {isa = PBXFileReference; fileEncoding = 4; lastKnownFileType = sourcecode.swift; path = DBColor.swift; sourceTree = "<group>"; };
		02141D671F6127A30014DAB1 /* DBUser.swift */ = {isa = PBXFileReference; fileEncoding = 4; lastKnownFileType = sourcecode.swift; path = DBUser.swift; sourceTree = "<group>"; };
		02141D6C1F6131CE0014DAB1 /* FirstViewModel.swift */ = {isa = PBXFileReference; fileEncoding = 4; lastKnownFileType = sourcecode.swift; path = FirstViewModel.swift; sourceTree = "<group>"; };
		02141D6E1F613C160014DAB1 /* UIColorExtension.swift */ = {isa = PBXFileReference; fileEncoding = 4; lastKnownFileType = sourcecode.swift; path = UIColorExtension.swift; sourceTree = "<group>"; };
		188C91AA4A4D08B5263E4CF3 /* Pods-RealmSimpleDemo.release.xcconfig */ = {isa = PBXFileReference; includeInIndex = 1; lastKnownFileType = text.xcconfig; name = "Pods-RealmSimpleDemo.release.xcconfig"; path = "Pods/Target Support Files/Pods-RealmSimpleDemo/Pods-RealmSimpleDemo.release.xcconfig"; sourceTree = "<group>"; };
		41080DFE377815DD4742EAD2 /* Pods-RealmSimpleDemoTests.debug.xcconfig */ = {isa = PBXFileReference; includeInIndex = 1; lastKnownFileType = text.xcconfig; name = "Pods-RealmSimpleDemoTests.debug.xcconfig"; path = "Pods/Target Support Files/Pods-RealmSimpleDemoTests/Pods-RealmSimpleDemoTests.debug.xcconfig"; sourceTree = "<group>"; };
		4C8BEE46E310DCCA0ED35089 /* Pods-RealmSimpleDemoUITests.release.xcconfig */ = {isa = PBXFileReference; includeInIndex = 1; lastKnownFileType = text.xcconfig; name = "Pods-RealmSimpleDemoUITests.release.xcconfig"; path = "Pods/Target Support Files/Pods-RealmSimpleDemoUITests/Pods-RealmSimpleDemoUITests.release.xcconfig"; sourceTree = "<group>"; };
		7A42295200AB8CB720E3BD39 /* Pods_RealmSimpleDemo.framework */ = {isa = PBXFileReference; explicitFileType = wrapper.framework; includeInIndex = 0; path = Pods_RealmSimpleDemo.framework; sourceTree = BUILT_PRODUCTS_DIR; };
		7A442613F9A914156EE19098 /* Pods-RealmSimpleDemoTests.release.xcconfig */ = {isa = PBXFileReference; includeInIndex = 1; lastKnownFileType = text.xcconfig; name = "Pods-RealmSimpleDemoTests.release.xcconfig"; path = "Pods/Target Support Files/Pods-RealmSimpleDemoTests/Pods-RealmSimpleDemoTests.release.xcconfig"; sourceTree = "<group>"; };
		970EBFAE293373A90C3F9AEF /* Pods-RealmSimpleDemo.debug.xcconfig */ = {isa = PBXFileReference; includeInIndex = 1; lastKnownFileType = text.xcconfig; name = "Pods-RealmSimpleDemo.debug.xcconfig"; path = "Pods/Target Support Files/Pods-RealmSimpleDemo/Pods-RealmSimpleDemo.debug.xcconfig"; sourceTree = "<group>"; };
		9C7AFED69A185A9BD7046BBD /* Pods_RealmSimpleDemoUITests.framework */ = {isa = PBXFileReference; explicitFileType = wrapper.framework; includeInIndex = 0; path = Pods_RealmSimpleDemoUITests.framework; sourceTree = BUILT_PRODUCTS_DIR; };
		D251BE60E95AF3A411DE57B2 /* Pods_RealmSimpleDemoTests.framework */ = {isa = PBXFileReference; explicitFileType = wrapper.framework; includeInIndex = 0; path = Pods_RealmSimpleDemoTests.framework; sourceTree = BUILT_PRODUCTS_DIR; };
		FC4C00B3A394923687B882CA /* Pods-RealmSimpleDemoUITests.debug.xcconfig */ = {isa = PBXFileReference; includeInIndex = 1; lastKnownFileType = text.xcconfig; name = "Pods-RealmSimpleDemoUITests.debug.xcconfig"; path = "Pods/Target Support Files/Pods-RealmSimpleDemoUITests/Pods-RealmSimpleDemoUITests.debug.xcconfig"; sourceTree = "<group>"; };
/* End PBXFileReference section */

/* Begin PBXFrameworksBuildPhase section */
		02141D2A1F611DA70014DAB1 /* Frameworks */ = {
			isa = PBXFrameworksBuildPhase;
			buildActionMask = 2147483647;
			files = (
				6CDBA47D8855CFD806009580 /* Pods_RealmSimpleDemo.framework in Frameworks */,
			);
			runOnlyForDeploymentPostprocessing = 0;
		};
		02141D401F611DA80014DAB1 /* Frameworks */ = {
			isa = PBXFrameworksBuildPhase;
			buildActionMask = 2147483647;
			files = (
				55E8707C99349E44B9215926 /* Pods_RealmSimpleDemoTests.framework in Frameworks */,
			);
			runOnlyForDeploymentPostprocessing = 0;
		};
		02141D4B1F611DA80014DAB1 /* Frameworks */ = {
			isa = PBXFrameworksBuildPhase;
			buildActionMask = 2147483647;
			files = (
				29B578C0043267385D81B233 /* Pods_RealmSimpleDemoUITests.framework in Frameworks */,
			);
			runOnlyForDeploymentPostprocessing = 0;
		};
/* End PBXFrameworksBuildPhase section */

/* Begin PBXGroup section */
		02141D241F611DA70014DAB1 = {
			isa = PBXGroup;
			children = (
				02141D2F1F611DA70014DAB1 /* RealmSimpleDemo */,
				02141D461F611DA80014DAB1 /* RealmSimpleDemoTests */,
				02141D511F611DA80014DAB1 /* RealmSimpleDemoUITests */,
				02141D2E1F611DA70014DAB1 /* Products */,
				7735E71D55029B4CEE390F7C /* Pods */,
				7531BFEC42529B83F0733BA9 /* Frameworks */,
			);
			sourceTree = "<group>";
		};
		02141D2E1F611DA70014DAB1 /* Products */ = {
			isa = PBXGroup;
			children = (
				02141D2D1F611DA70014DAB1 /* RealmSimpleDemo.app */,
				02141D431F611DA80014DAB1 /* RealmSimpleDemoTests.xctest */,
				02141D4E1F611DA80014DAB1 /* RealmSimpleDemoUITests.xctest */,
			);
			name = Products;
			sourceTree = "<group>";
		};
		02141D2F1F611DA70014DAB1 /* RealmSimpleDemo */ = {
			isa = PBXGroup;
			children = (
				02DEA7991F619E7B006D2E54 /* SecondView */,
				02141D6B1F6131BD0014DAB1 /* FirstView */,
				02141D631F61224E0014DAB1 /* Lifecycle */,
				02141D621F6122440014DAB1 /* DB */,
				02141D361F611DA80014DAB1 /* Main.storyboard */,
				02141D391F611DA80014DAB1 /* Assets.xcassets */,
				02141D3B1F611DA80014DAB1 /* LaunchScreen.storyboard */,
				02141D3E1F611DA80014DAB1 /* Info.plist */,
				02141D6E1F613C160014DAB1 /* UIColorExtension.swift */,
			);
			path = RealmSimpleDemo;
			sourceTree = "<group>";
		};
		02141D461F611DA80014DAB1 /* RealmSimpleDemoTests */ = {
			isa = PBXGroup;
			children = (
				02141D471F611DA80014DAB1 /* RealmSimpleDemoTests.swift */,
				02141D491F611DA80014DAB1 /* Info.plist */,
			);
			path = RealmSimpleDemoTests;
			sourceTree = "<group>";
		};
		02141D511F611DA80014DAB1 /* RealmSimpleDemoUITests */ = {
			isa = PBXGroup;
			children = (
				02141D521F611DA80014DAB1 /* RealmSimpleDemoUITests.swift */,
				02141D541F611DA80014DAB1 /* Info.plist */,
			);
			path = RealmSimpleDemoUITests;
			sourceTree = "<group>";
		};
		02141D621F6122440014DAB1 /* DB */ = {
			isa = PBXGroup;
			children = (
				02141D641F61226A0014DAB1 /* DBModels */,
				02141D601F6122400014DAB1 /* LocalDatabase.swift */,
			);
			name = DB;
			sourceTree = "<group>";
		};
		02141D631F61224E0014DAB1 /* Lifecycle */ = {
			isa = PBXGroup;
			children = (
				02141D301F611DA80014DAB1 /* AppDelegate.swift */,
			);
			name = Lifecycle;
			sourceTree = "<group>";
		};
		02141D641F61226A0014DAB1 /* DBModels */ = {
			isa = PBXGroup;
			children = (
				02141D651F6122870014DAB1 /* DBColor.swift */,
				02141D671F6127A30014DAB1 /* DBUser.swift */,
			);
			name = DBModels;
			sourceTree = "<group>";
		};
		02141D6B1F6131BD0014DAB1 /* FirstView */ = {
			isa = PBXGroup;
			children = (
				02141D321F611DA80014DAB1 /* FirstViewController.swift */,
				02141D6C1F6131CE0014DAB1 /* FirstViewModel.swift */,
			);
			name = FirstView;
			sourceTree = "<group>";
		};
		02DEA7991F619E7B006D2E54 /* SecondView */ = {
			isa = PBXGroup;
			children = (
				02141D341F611DA80014DAB1 /* SecondViewController.swift */,
			);
			name = SecondView;
			sourceTree = "<group>";
		};
		7531BFEC42529B83F0733BA9 /* Frameworks */ = {
			isa = PBXGroup;
			children = (
				7A42295200AB8CB720E3BD39 /* Pods_RealmSimpleDemo.framework */,
				D251BE60E95AF3A411DE57B2 /* Pods_RealmSimpleDemoTests.framework */,
				9C7AFED69A185A9BD7046BBD /* Pods_RealmSimpleDemoUITests.framework */,
			);
			name = Frameworks;
			sourceTree = "<group>";
		};
		7735E71D55029B4CEE390F7C /* Pods */ = {
			isa = PBXGroup;
			children = (
				970EBFAE293373A90C3F9AEF /* Pods-RealmSimpleDemo.debug.xcconfig */,
				188C91AA4A4D08B5263E4CF3 /* Pods-RealmSimpleDemo.release.xcconfig */,
				41080DFE377815DD4742EAD2 /* Pods-RealmSimpleDemoTests.debug.xcconfig */,
				7A442613F9A914156EE19098 /* Pods-RealmSimpleDemoTests.release.xcconfig */,
				FC4C00B3A394923687B882CA /* Pods-RealmSimpleDemoUITests.debug.xcconfig */,
				4C8BEE46E310DCCA0ED35089 /* Pods-RealmSimpleDemoUITests.release.xcconfig */,
			);
			name = Pods;
			sourceTree = "<group>";
		};
/* End PBXGroup section */

/* Begin PBXNativeTarget section */
		02141D2C1F611DA70014DAB1 /* RealmSimpleDemo */ = {
			isa = PBXNativeTarget;
			buildConfigurationList = 02141D571F611DA80014DAB1 /* Build configuration list for PBXNativeTarget "RealmSimpleDemo" */;
			buildPhases = (
				303354995DED30DD2D9F3560 /* [CP] Check Pods Manifest.lock */,
				02141D291F611DA70014DAB1 /* Sources */,
				02141D2A1F611DA70014DAB1 /* Frameworks */,
				02141D2B1F611DA70014DAB1 /* Resources */,
				87169F4A4E7DF247944BA990 /* [CP] Embed Pods Frameworks */,
				9EA15FFBE4CB0FB019AF6B22 /* [CP] Copy Pods Resources */,
			);
			buildRules = (
			);
			dependencies = (
			);
			name = RealmSimpleDemo;
			productName = RealmSimpleDemo;
			productReference = 02141D2D1F611DA70014DAB1 /* RealmSimpleDemo.app */;
			productType = "com.apple.product-type.application";
		};
		02141D421F611DA80014DAB1 /* RealmSimpleDemoTests */ = {
			isa = PBXNativeTarget;
			buildConfigurationList = 02141D5A1F611DA80014DAB1 /* Build configuration list for PBXNativeTarget "RealmSimpleDemoTests" */;
			buildPhases = (
				D79FFA406C93D88D419EAEAC /* [CP] Check Pods Manifest.lock */,
				02141D3F1F611DA80014DAB1 /* Sources */,
				02141D401F611DA80014DAB1 /* Frameworks */,
				02141D411F611DA80014DAB1 /* Resources */,
				8E38F898820C5FCEBEFBBEC8 /* [CP] Embed Pods Frameworks */,
				EC4E7EBFFD69509672208CC3 /* [CP] Copy Pods Resources */,
			);
			buildRules = (
			);
			dependencies = (
				02141D451F611DA80014DAB1 /* PBXTargetDependency */,
			);
			name = RealmSimpleDemoTests;
			productName = RealmSimpleDemoTests;
			productReference = 02141D431F611DA80014DAB1 /* RealmSimpleDemoTests.xctest */;
			productType = "com.apple.product-type.bundle.unit-test";
		};
		02141D4D1F611DA80014DAB1 /* RealmSimpleDemoUITests */ = {
			isa = PBXNativeTarget;
			buildConfigurationList = 02141D5D1F611DA80014DAB1 /* Build configuration list for PBXNativeTarget "RealmSimpleDemoUITests" */;
			buildPhases = (
				A39A3CAB1C722D2104A2B3D3 /* [CP] Check Pods Manifest.lock */,
				02141D4A1F611DA80014DAB1 /* Sources */,
				02141D4B1F611DA80014DAB1 /* Frameworks */,
				02141D4C1F611DA80014DAB1 /* Resources */,
				70825733E2A183F71380175E /* [CP] Embed Pods Frameworks */,
				B3F2FF36AAAFB940B0D0C324 /* [CP] Copy Pods Resources */,
			);
			buildRules = (
			);
			dependencies = (
				02141D501F611DA80014DAB1 /* PBXTargetDependency */,
			);
			name = RealmSimpleDemoUITests;
			productName = RealmSimpleDemoUITests;
			productReference = 02141D4E1F611DA80014DAB1 /* RealmSimpleDemoUITests.xctest */;
			productType = "com.apple.product-type.bundle.ui-testing";
		};
/* End PBXNativeTarget section */

/* Begin PBXProject section */
		02141D251F611DA70014DAB1 /* Project object */ = {
			isa = PBXProject;
			attributes = {
				LastSwiftUpdateCheck = 0830;
				LastUpgradeCheck = 0830;
				ORGANIZATIONNAME = "Liu Jinyu";
				TargetAttributes = {
					02141D2C1F611DA70014DAB1 = {
						CreatedOnToolsVersion = 8.3.3;
						DevelopmentTeam = 3VMLSNY99V;
						ProvisioningStyle = Automatic;
					};
					02141D421F611DA80014DAB1 = {
						CreatedOnToolsVersion = 8.3.3;
						ProvisioningStyle = Automatic;
						TestTargetID = 02141D2C1F611DA70014DAB1;
					};
					02141D4D1F611DA80014DAB1 = {
						CreatedOnToolsVersion = 8.3.3;
						ProvisioningStyle = Automatic;
						TestTargetID = 02141D2C1F611DA70014DAB1;
					};
				};
			};
			buildConfigurationList = 02141D281F611DA70014DAB1 /* Build configuration list for PBXProject "RealmSimpleDemo" */;
			compatibilityVersion = "Xcode 3.2";
			developmentRegion = English;
			hasScannedForEncodings = 0;
			knownRegions = (
				en,
				Base,
			);
			mainGroup = 02141D241F611DA70014DAB1;
			productRefGroup = 02141D2E1F611DA70014DAB1 /* Products */;
			projectDirPath = "";
			projectRoot = "";
			targets = (
				02141D2C1F611DA70014DAB1 /* RealmSimpleDemo */,
				02141D421F611DA80014DAB1 /* RealmSimpleDemoTests */,
				02141D4D1F611DA80014DAB1 /* RealmSimpleDemoUITests */,
			);
		};
/* End PBXProject section */

/* Begin PBXResourcesBuildPhase section */
		02141D2B1F611DA70014DAB1 /* Resources */ = {
			isa = PBXResourcesBuildPhase;
			buildActionMask = 2147483647;
			files = (
				02141D3D1F611DA80014DAB1 /* LaunchScreen.storyboard in Resources */,
				02141D3A1F611DA80014DAB1 /* Assets.xcassets in Resources */,
				02141D381F611DA80014DAB1 /* Main.storyboard in Resources */,
			);
			runOnlyForDeploymentPostprocessing = 0;
		};
		02141D411F611DA80014DAB1 /* Resources */ = {
			isa = PBXResourcesBuildPhase;
			buildActionMask = 2147483647;
			files = (
			);
			runOnlyForDeploymentPostprocessing = 0;
		};
		02141D4C1F611DA80014DAB1 /* Resources */ = {
			isa = PBXResourcesBuildPhase;
			buildActionMask = 2147483647;
			files = (
			);
			runOnlyForDeploymentPostprocessing = 0;
		};
/* End PBXResourcesBuildPhase section */

/* Begin PBXShellScriptBuildPhase section */
		303354995DED30DD2D9F3560 /* [CP] Check Pods Manifest.lock */ = {
			isa = PBXShellScriptBuildPhase;
			buildActionMask = 2147483647;
			files = (
			);
			inputPaths = (
			);
			name = "[CP] Check Pods Manifest.lock";
			outputPaths = (
			);
			runOnlyForDeploymentPostprocessing = 0;
			shellPath = /bin/sh;
			shellScript = "diff \"${PODS_PODFILE_DIR_PATH}/Podfile.lock\" \"${PODS_ROOT}/Manifest.lock\" > /dev/null\nif [ $? != 0 ] ; then\n    # print error to STDERR\n    echo \"error: The sandbox is not in sync with the Podfile.lock. Run 'pod install' or update your CocoaPods installation.\" >&2\n    exit 1\nfi\n";
			showEnvVarsInLog = 0;
		};
		70825733E2A183F71380175E /* [CP] Embed Pods Frameworks */ = {
			isa = PBXShellScriptBuildPhase;
			buildActionMask = 2147483647;
			files = (
			);
			inputPaths = (
			);
			name = "[CP] Embed Pods Frameworks";
			outputPaths = (
			);
			runOnlyForDeploymentPostprocessing = 0;
			shellPath = /bin/sh;
			shellScript = "\"${SRCROOT}/Pods/Target Support Files/Pods-RealmSimpleDemoUITests/Pods-RealmSimpleDemoUITests-frameworks.sh\"\n";
			showEnvVarsInLog = 0;
		};
		87169F4A4E7DF247944BA990 /* [CP] Embed Pods Frameworks */ = {
			isa = PBXShellScriptBuildPhase;
			buildActionMask = 2147483647;
			files = (
			);
			inputPaths = (
			);
			name = "[CP] Embed Pods Frameworks";
			outputPaths = (
			);
			runOnlyForDeploymentPostprocessing = 0;
			shellPath = /bin/sh;
			shellScript = "\"${SRCROOT}/Pods/Target Support Files/Pods-RealmSimpleDemo/Pods-RealmSimpleDemo-frameworks.sh\"\n";
			showEnvVarsInLog = 0;
		};
		8E38F898820C5FCEBEFBBEC8 /* [CP] Embed Pods Frameworks */ = {
			isa = PBXShellScriptBuildPhase;
			buildActionMask = 2147483647;
			files = (
			);
			inputPaths = (
			);
			name = "[CP] Embed Pods Frameworks";
			outputPaths = (
			);
			runOnlyForDeploymentPostprocessing = 0;
			shellPath = /bin/sh;
			shellScript = "\"${SRCROOT}/Pods/Target Support Files/Pods-RealmSimpleDemoTests/Pods-RealmSimpleDemoTests-frameworks.sh\"\n";
			showEnvVarsInLog = 0;
		};
		9EA15FFBE4CB0FB019AF6B22 /* [CP] Copy Pods Resources */ = {
			isa = PBXShellScriptBuildPhase;
			buildActionMask = 2147483647;
			files = (
			);
			inputPaths = (
			);
			name = "[CP] Copy Pods Resources";
			outputPaths = (
			);
			runOnlyForDeploymentPostprocessing = 0;
			shellPath = /bin/sh;
			shellScript = "\"${SRCROOT}/Pods/Target Support Files/Pods-RealmSimpleDemo/Pods-RealmSimpleDemo-resources.sh\"\n";
			showEnvVarsInLog = 0;
		};
		A39A3CAB1C722D2104A2B3D3 /* [CP] Check Pods Manifest.lock */ = {
			isa = PBXShellScriptBuildPhase;
			buildActionMask = 2147483647;
			files = (
			);
			inputPaths = (
			);
			name = "[CP] Check Pods Manifest.lock";
			outputPaths = (
			);
			runOnlyForDeploymentPostprocessing = 0;
			shellPath = /bin/sh;
			shellScript = "diff \"${PODS_PODFILE_DIR_PATH}/Podfile.lock\" \"${PODS_ROOT}/Manifest.lock\" > /dev/null\nif [ $? != 0 ] ; then\n    # print error to STDERR\n    echo \"error: The sandbox is not in sync with the Podfile.lock. Run 'pod install' or update your CocoaPods installation.\" >&2\n    exit 1\nfi\n";
			showEnvVarsInLog = 0;
		};
		B3F2FF36AAAFB940B0D0C324 /* [CP] Copy Pods Resources */ = {
			isa = PBXShellScriptBuildPhase;
			buildActionMask = 2147483647;
			files = (
			);
			inputPaths = (
			);
			name = "[CP] Copy Pods Resources";
			outputPaths = (
			);
			runOnlyForDeploymentPostprocessing = 0;
			shellPath = /bin/sh;
			shellScript = "\"${SRCROOT}/Pods/Target Support Files/Pods-RealmSimpleDemoUITests/Pods-RealmSimpleDemoUITests-resources.sh\"\n";
			showEnvVarsInLog = 0;
		};
		D79FFA406C93D88D419EAEAC /* [CP] Check Pods Manifest.lock */ = {
			isa = PBXShellScriptBuildPhase;
			buildActionMask = 2147483647;
			files = (
			);
			inputPaths = (
			);
			name = "[CP] Check Pods Manifest.lock";
			outputPaths = (
			);
			runOnlyForDeploymentPostprocessing = 0;
			shellPath = /bin/sh;
			shellScript = "diff \"${PODS_PODFILE_DIR_PATH}/Podfile.lock\" \"${PODS_ROOT}/Manifest.lock\" > /dev/null\nif [ $? != 0 ] ; then\n    # print error to STDERR\n    echo \"error: The sandbox is not in sync with the Podfile.lock. Run 'pod install' or update your CocoaPods installation.\" >&2\n    exit 1\nfi\n";
			showEnvVarsInLog = 0;
		};
		EC4E7EBFFD69509672208CC3 /* [CP] Copy Pods Resources */ = {
			isa = PBXShellScriptBuildPhase;
			buildActionMask = 2147483647;
			files = (
			);
			inputPaths = (
			);
			name = "[CP] Copy Pods Resources";
			outputPaths = (
			);
			runOnlyForDeploymentPostprocessing = 0;
			shellPath = /bin/sh;
			shellScript = "\"${SRCROOT}/Pods/Target Support Files/Pods-RealmSimpleDemoTests/Pods-RealmSimpleDemoTests-resources.sh\"\n";
			showEnvVarsInLog = 0;
		};
/* End PBXShellScriptBuildPhase section */

/* Begin PBXSourcesBuildPhase section */
		02141D291F611DA70014DAB1 /* Sources */ = {
			isa = PBXSourcesBuildPhase;
			buildActionMask = 2147483647;
			files = (
				02141D681F6127A30014DAB1 /* DBUser.swift in Sources */,
				02141D351F611DA80014DAB1 /* SecondViewController.swift in Sources */,
				02141D6D1F6131CE0014DAB1 /* FirstViewModel.swift in Sources */,
				02141D311F611DA80014DAB1 /* AppDelegate.swift in Sources */,
				02141D6F1F613C160014DAB1 /* UIColorExtension.swift in Sources */,
				02141D661F6122870014DAB1 /* DBColor.swift in Sources */,
				02141D611F6122400014DAB1 /* LocalDatabase.swift in Sources */,
				02141D331F611DA80014DAB1 /* FirstViewController.swift in Sources */,
			);
			runOnlyForDeploymentPostprocessing = 0;
		};
		02141D3F1F611DA80014DAB1 /* Sources */ = {
			isa = PBXSourcesBuildPhase;
			buildActionMask = 2147483647;
			files = (
				02141D481F611DA80014DAB1 /* RealmSimpleDemoTests.swift in Sources */,
			);
			runOnlyForDeploymentPostprocessing = 0;
		};
		02141D4A1F611DA80014DAB1 /* Sources */ = {
			isa = PBXSourcesBuildPhase;
			buildActionMask = 2147483647;
			files = (
				02141D531F611DA80014DAB1 /* RealmSimpleDemoUITests.swift in Sources */,
			);
			runOnlyForDeploymentPostprocessing = 0;
		};
/* End PBXSourcesBuildPhase section */

/* Begin PBXTargetDependency section */
		02141D451F611DA80014DAB1 /* PBXTargetDependency */ = {
			isa = PBXTargetDependency;
			target = 02141D2C1F611DA70014DAB1 /* RealmSimpleDemo */;
			targetProxy = 02141D441F611DA80014DAB1 /* PBXContainerItemProxy */;
		};
		02141D501F611DA80014DAB1 /* PBXTargetDependency */ = {
			isa = PBXTargetDependency;
			target = 02141D2C1F611DA70014DAB1 /* RealmSimpleDemo */;
			targetProxy = 02141D4F1F611DA80014DAB1 /* PBXContainerItemProxy */;
		};
/* End PBXTargetDependency section */

/* Begin PBXVariantGroup section */
		02141D361F611DA80014DAB1 /* Main.storyboard */ = {
			isa = PBXVariantGroup;
			children = (
				02141D371F611DA80014DAB1 /* Base */,
			);
			name = Main.storyboard;
			sourceTree = "<group>";
		};
		02141D3B1F611DA80014DAB1 /* LaunchScreen.storyboard */ = {
			isa = PBXVariantGroup;
			children = (
				02141D3C1F611DA80014DAB1 /* Base */,
			);
			name = LaunchScreen.storyboard;
			sourceTree = "<group>";
		};
/* End PBXVariantGroup section */

/* Begin XCBuildConfiguration section */
		02141D551F611DA80014DAB1 /* Debug */ = {
			isa = XCBuildConfiguration;
			buildSettings = {
				ALWAYS_SEARCH_USER_PATHS = NO;
				CLANG_ANALYZER_NONNULL = YES;
				CLANG_ANALYZER_NUMBER_OBJECT_CONVERSION = YES_AGGRESSIVE;
				CLANG_CXX_LANGUAGE_STANDARD = "gnu++0x";
				CLANG_CXX_LIBRARY = "libc++";
				CLANG_ENABLE_MODULES = YES;
				CLANG_ENABLE_OBJC_ARC = YES;
				CLANG_WARN_BOOL_CONVERSION = YES;
				CLANG_WARN_CONSTANT_CONVERSION = YES;
				CLANG_WARN_DIRECT_OBJC_ISA_USAGE = YES_ERROR;
				CLANG_WARN_DOCUMENTATION_COMMENTS = YES;
				CLANG_WARN_EMPTY_BODY = YES;
				CLANG_WARN_ENUM_CONVERSION = YES;
				CLANG_WARN_INFINITE_RECURSION = YES;
				CLANG_WARN_INT_CONVERSION = YES;
				CLANG_WARN_OBJC_ROOT_CLASS = YES_ERROR;
				CLANG_WARN_SUSPICIOUS_MOVE = YES;
				CLANG_WARN_UNREACHABLE_CODE = YES;
				CLANG_WARN__DUPLICATE_METHOD_MATCH = YES;
				"CODE_SIGN_IDENTITY[sdk=iphoneos*]" = "iPhone Developer";
				COPY_PHASE_STRIP = NO;
				DEBUG_INFORMATION_FORMAT = dwarf;
				ENABLE_STRICT_OBJC_MSGSEND = YES;
				ENABLE_TESTABILITY = YES;
				GCC_C_LANGUAGE_STANDARD = gnu99;
				GCC_DYNAMIC_NO_PIC = NO;
				GCC_NO_COMMON_BLOCKS = YES;
				GCC_OPTIMIZATION_LEVEL = 0;
				GCC_PREPROCESSOR_DEFINITIONS = (
					"DEBUG=1",
					"$(inherited)",
				);
				GCC_WARN_64_TO_32_BIT_CONVERSION = YES;
				GCC_WARN_ABOUT_RETURN_TYPE = YES_ERROR;
				GCC_WARN_UNDECLARED_SELECTOR = YES;
				GCC_WARN_UNINITIALIZED_AUTOS = YES_AGGRESSIVE;
				GCC_WARN_UNUSED_FUNCTION = YES;
				GCC_WARN_UNUSED_VARIABLE = YES;
				IPHONEOS_DEPLOYMENT_TARGET = 10.3;
				MTL_ENABLE_DEBUG_INFO = YES;
				ONLY_ACTIVE_ARCH = YES;
				SDKROOT = iphoneos;
				SWIFT_ACTIVE_COMPILATION_CONDITIONS = DEBUG;
				SWIFT_OPTIMIZATION_LEVEL = "-Onone";
				TARGETED_DEVICE_FAMILY = "1,2";
			};
			name = Debug;
		};
		02141D561F611DA80014DAB1 /* Release */ = {
			isa = XCBuildConfiguration;
			buildSettings = {
				ALWAYS_SEARCH_USER_PATHS = NO;
				CLANG_ANALYZER_NONNULL = YES;
				CLANG_ANALYZER_NUMBER_OBJECT_CONVERSION = YES_AGGRESSIVE;
				CLANG_CXX_LANGUAGE_STANDARD = "gnu++0x";
				CLANG_CXX_LIBRARY = "libc++";
				CLANG_ENABLE_MODULES = YES;
				CLANG_ENABLE_OBJC_ARC = YES;
				CLANG_WARN_BOOL_CONVERSION = YES;
				CLANG_WARN_CONSTANT_CONVERSION = YES;
				CLANG_WARN_DIRECT_OBJC_ISA_USAGE = YES_ERROR;
				CLANG_WARN_DOCUMENTATION_COMMENTS = YES;
				CLANG_WARN_EMPTY_BODY = YES;
				CLANG_WARN_ENUM_CONVERSION = YES;
				CLANG_WARN_INFINITE_RECURSION = YES;
				CLANG_WARN_INT_CONVERSION = YES;
				CLANG_WARN_OBJC_ROOT_CLASS = YES_ERROR;
				CLANG_WARN_SUSPICIOUS_MOVE = YES;
				CLANG_WARN_UNREACHABLE_CODE = YES;
				CLANG_WARN__DUPLICATE_METHOD_MATCH = YES;
				"CODE_SIGN_IDENTITY[sdk=iphoneos*]" = "iPhone Developer";
				COPY_PHASE_STRIP = NO;
				DEBUG_INFORMATION_FORMAT = "dwarf-with-dsym";
				ENABLE_NS_ASSERTIONS = NO;
				ENABLE_STRICT_OBJC_MSGSEND = YES;
				GCC_C_LANGUAGE_STANDARD = gnu99;
				GCC_NO_COMMON_BLOCKS = YES;
				GCC_WARN_64_TO_32_BIT_CONVERSION = YES;
				GCC_WARN_ABOUT_RETURN_TYPE = YES_ERROR;
				GCC_WARN_UNDECLARED_SELECTOR = YES;
				GCC_WARN_UNINITIALIZED_AUTOS = YES_AGGRESSIVE;
				GCC_WARN_UNUSED_FUNCTION = YES;
				GCC_WARN_UNUSED_VARIABLE = YES;
				IPHONEOS_DEPLOYMENT_TARGET = 10.3;
				MTL_ENABLE_DEBUG_INFO = NO;
				SDKROOT = iphoneos;
				SWIFT_OPTIMIZATION_LEVEL = "-Owholemodule";
				TARGETED_DEVICE_FAMILY = "1,2";
				VALIDATE_PRODUCT = YES;
			};
			name = Release;
		};
		02141D581F611DA80014DAB1 /* Debug */ = {
			isa = XCBuildConfiguration;
			baseConfigurationReference = 970EBFAE293373A90C3F9AEF /* Pods-RealmSimpleDemo.debug.xcconfig */;
			buildSettings = {
				ASSETCATALOG_COMPILER_APPICON_NAME = AppIcon;
				DEVELOPMENT_TEAM = 3VMLSNY99V;
				INFOPLIST_FILE = RealmSimpleDemo/Info.plist;
				LD_RUNPATH_SEARCH_PATHS = "$(inherited) @executable_path/Frameworks";
				PRODUCT_BUNDLE_IDENTIFIER = com.perwyl.RealmSimpleDemo;
				PRODUCT_NAME = "$(TARGET_NAME)";
				SWIFT_VERSION = 3.0;
			};
			name = Debug;
		};
		02141D591F611DA80014DAB1 /* Release */ = {
			isa = XCBuildConfiguration;
			baseConfigurationReference = 188C91AA4A4D08B5263E4CF3 /* Pods-RealmSimpleDemo.release.xcconfig */;
			buildSettings = {
				ASSETCATALOG_COMPILER_APPICON_NAME = AppIcon;
				DEVELOPMENT_TEAM = 3VMLSNY99V;
				INFOPLIST_FILE = RealmSimpleDemo/Info.plist;
				LD_RUNPATH_SEARCH_PATHS = "$(inherited) @executable_path/Frameworks";
				PRODUCT_BUNDLE_IDENTIFIER = com.perwyl.RealmSimpleDemo;
				PRODUCT_NAME = "$(TARGET_NAME)";
				SWIFT_VERSION = 3.0;
			};
			name = Release;
		};
		02141D5B1F611DA80014DAB1 /* Debug */ = {
			isa = XCBuildConfiguration;
			baseConfigurationReference = 41080DFE377815DD4742EAD2 /* Pods-RealmSimpleDemoTests.debug.xcconfig */;
			buildSettings = {
				ALWAYS_EMBED_SWIFT_STANDARD_LIBRARIES = YES;
				BUNDLE_LOADER = "$(TEST_HOST)";
				INFOPLIST_FILE = RealmSimpleDemoTests/Info.plist;
				LD_RUNPATH_SEARCH_PATHS = "$(inherited) @executable_path/Frameworks @loader_path/Frameworks";
				PRODUCT_BUNDLE_IDENTIFIER = com.perwyl.RealmSimpleDemoTests;
				PRODUCT_NAME = "$(TARGET_NAME)";
				SWIFT_VERSION = 3.0;
				TEST_HOST = "$(BUILT_PRODUCTS_DIR)/RealmSimpleDemo.app/RealmSimpleDemo";
			};
			name = Debug;
		};
		02141D5C1F611DA80014DAB1 /* Release */ = {
			isa = XCBuildConfiguration;
			baseConfigurationReference = 7A442613F9A914156EE19098 /* Pods-RealmSimpleDemoTests.release.xcconfig */;
			buildSettings = {
				ALWAYS_EMBED_SWIFT_STANDARD_LIBRARIES = YES;
				BUNDLE_LOADER = "$(TEST_HOST)";
				INFOPLIST_FILE = RealmSimpleDemoTests/Info.plist;
				LD_RUNPATH_SEARCH_PATHS = "$(inherited) @executable_path/Frameworks @loader_path/Frameworks";
				PRODUCT_BUNDLE_IDENTIFIER = com.perwyl.RealmSimpleDemoTests;
				PRODUCT_NAME = "$(TARGET_NAME)";
				SWIFT_VERSION = 3.0;
				TEST_HOST = "$(BUILT_PRODUCTS_DIR)/RealmSimpleDemo.app/RealmSimpleDemo";
			};
			name = Release;
		};
		02141D5E1F611DA80014DAB1 /* Debug */ = {
			isa = XCBuildConfiguration;
			baseConfigurationReference = FC4C00B3A394923687B882CA /* Pods-RealmSimpleDemoUITests.debug.xcconfig */;
			buildSettings = {
				ALWAYS_EMBED_SWIFT_STANDARD_LIBRARIES = YES;
				INFOPLIST_FILE = RealmSimpleDemoUITests/Info.plist;
				LD_RUNPATH_SEARCH_PATHS = "$(inherited) @executable_path/Frameworks @loader_path/Frameworks";
				PRODUCT_BUNDLE_IDENTIFIER = com.perwyl.RealmSimpleDemoUITests;
				PRODUCT_NAME = "$(TARGET_NAME)";
				SWIFT_VERSION = 3.0;
				TEST_TARGET_NAME = RealmSimpleDemo;
			};
			name = Debug;
		};
		02141D5F1F611DA80014DAB1 /* Release */ = {
			isa = XCBuildConfiguration;
			baseConfigurationReference = 4C8BEE46E310DCCA0ED35089 /* Pods-RealmSimpleDemoUITests.release.xcconfig */;
			buildSettings = {
				ALWAYS_EMBED_SWIFT_STANDARD_LIBRARIES = YES;
				INFOPLIST_FILE = RealmSimpleDemoUITests/Info.plist;
				LD_RUNPATH_SEARCH_PATHS = "$(inherited) @executable_path/Frameworks @loader_path/Frameworks";
				PRODUCT_BUNDLE_IDENTIFIER = com.perwyl.RealmSimpleDemoUITests;
				PRODUCT_NAME = "$(TARGET_NAME)";
				SWIFT_VERSION = 3.0;
				TEST_TARGET_NAME = RealmSimpleDemo;
			};
			name = Release;
		};
/* End XCBuildConfiguration section */

/* Begin XCConfigurationList section */
		02141D281F611DA70014DAB1 /* Build configuration list for PBXProject "RealmSimpleDemo" */ = {
			isa = XCConfigurationList;
			buildConfigurations = (
				02141D551F611DA80014DAB1 /* Debug */,
				02141D561F611DA80014DAB1 /* Release */,
			);
			defaultConfigurationIsVisible = 0;
			defaultConfigurationName = Release;
		};
		02141D571F611DA80014DAB1 /* Build configuration list for PBXNativeTarget "RealmSimpleDemo" */ = {
			isa = XCConfigurationList;
			buildConfigurations = (
				02141D581F611DA80014DAB1 /* Debug */,
				02141D591F611DA80014DAB1 /* Release */,
			);
			defaultConfigurationIsVisible = 0;
			defaultConfigurationName = Release;
		};
		02141D5A1F611DA80014DAB1 /* Build configuration list for PBXNativeTarget "RealmSimpleDemoTests" */ = {
			isa = XCConfigurationList;
			buildConfigurations = (
				02141D5B1F611DA80014DAB1 /* Debug */,
				02141D5C1F611DA80014DAB1 /* Release */,
			);
			defaultConfigurationIsVisible = 0;
			defaultConfigurationName = Release;
		};
		02141D5D1F611DA80014DAB1 /* Build configuration list for PBXNativeTarget "RealmSimpleDemoUITests" */ = {
			isa = XCConfigurationList;
			buildConfigurations = (
				02141D5E1F611DA80014DAB1 /* Debug */,
				02141D5F1F611DA80014DAB1 /* Release */,
			);
			defaultConfigurationIsVisible = 0;
			defaultConfigurationName = Release;
		};
/* End XCConfigurationList section */
	};
	rootObject = 02141D251F611DA70014DAB1 /* Project object */;
}
